
Microsoft Visual Studio Solution File, Format Version 12.00
# Visual Studio Version 17
VisualStudioVersion = 17.6.33723.286
MinimumVisualStudioVersion = 10.0.40219.1
Project("{FAE04EC0-301F-11D3-BF4B-00C04F79EFBC}") = "Lesson_1", "Lesson_1\Lesson_1.csproj", "{9ACD6A4B-B99F-49CE-9475-E68306C0E809}"
EndProject
Project("{FAE04EC0-301F-11D3-BF4B-00C04F79EFBC}") = "Lesson_2", "Lesson_2\Lesson_2.csproj", "{3B758EEE-8F26-447F-8B7C-F6C71A091856}"
EndProject
Project("{FAE04EC0-301F-11D3-BF4B-00C04F79EFBC}") = "Lesson_3", "Lesson_3\Lesson_3.csproj", "{B1EACAFA-2B5B-4E21-AB79-4D5BFE6936FD}"
EndProject
Project("{9A19103F-16F7-4668-BE54-9A1E7A4F7556}") = "Lesson_4", "Lesson_4\Lesson_4.csproj", "{DF87D15E-EBEF-4E60-AFBE-B813B8F085FE}"
EndProject
Project("{9A19103F-16F7-4668-BE54-9A1E7A4F7556}") = "sc_v10_1", "sc_v11_1\sc_v10_1.csproj", "{76C234BC-DBF7-432B-B58C-76A0ED7D9ACE}"
EndProject
Project("{9A19103F-16F7-4668-BE54-9A1E7A4F7556}") = "sc_v10_2", "sc_v11_2\sc_v10_2.csproj", "{E92D30B4-57B4-4B7E-A098-386B9DB544F0}"
EndProject
Project("{9A19103F-16F7-4668-BE54-9A1E7A4F7556}") = "sc_v10_3", "sc_v11_3\sc_v10_3.csproj", "{E6C61F42-3E7E-44BD-B782-0B8FAC8B8D35}"
EndProject
Project("{9A19103F-16F7-4668-BE54-9A1E7A4F7556}") = "sc_v11", "sc_v12\sc_v11.csproj", "{A025C7FA-85A4-497E-A9E5-591D601715E4}"
EndProject
Project("{9A19103F-16F7-4668-BE54-9A1E7A4F7556}") = "sc_v13", "sc_v13\sc_v13.csproj", "{850039B8-B48E-4CE1-B421-0C8164B65845}"
EndProject
Project("{9A19103F-16F7-4668-BE54-9A1E7A4F7556}") = "sc_v14", "sc_v14\sc_v14.csproj", "{494AF160-B5B1-4DC2-BA48-C32485359ACF}"
EndProject
Project("{9A19103F-16F7-4668-BE54-9A1E7A4F7556}") = "sc_v15", "sc_v15\sc_v15.csproj", "{2E5279DB-A0A5-4A00-B089-F3F20A3FC4EE}"
EndProject
Project("{9A19103F-16F7-4668-BE54-9A1E7A4F7556}") = "sc_v16", "sc_v16\sc_v16.csproj", "{6855AD4A-B9F5-4E9B-8772-E196B1267861}"
EndProject
Project("{9A19103F-16F7-4668-BE54-9A1E7A4F7556}") = "sc_v17", "sc_v17\sc_v17.csproj", "{E8225EA3-480A-4EEC-AD29-0E530301F034}"
EndProject
Project("{9A19103F-16F7-4668-BE54-9A1E7A4F7556}") = "dz_sc_4", "dz_sc_4\dz_sc_4.csproj", "{704F080E-D1E5-4980-A916-422CC21AA2FB}"
EndProject
Project("{9A19103F-16F7-4668-BE54-9A1E7A4F7556}") = "sc_v18", "sc_v18\sc_v18.csproj", "{DF08AB96-AB65-405D-8A1C-C7ED1AC7633B}"
EndProject
Project("{9A19103F-16F7-4668-BE54-9A1E7A4F7556}") = "sc_v19", "sc_v19\sc_v19.csproj", "{B1285DA4-75DE-40D3-9F3F-FF15D9DA9FFF}"
EndProject
Project("{9A19103F-16F7-4668-BE54-9A1E7A4F7556}") = "sc_v20-21", "sc_v20\sc_v20-21.csproj", "{AF8B56EA-830E-4907-9F3A-6B6FC9F1B2BA}"
EndProject
Project("{9A19103F-16F7-4668-BE54-9A1E7A4F7556}") = "sc_v22", "sc_v22\sc_v22.csproj", "{CBD4FC94-3D3A-4095-9CEA-DEDC250832EC}"
EndProject
Project("{9A19103F-16F7-4668-BE54-9A1E7A4F7556}") = "sc_v22_1", "sc_v22_1\sc_v22_1.csproj", "{A9775044-6D4F-4B03-BA35-7C43EBAED8F0}"
EndProject
Project("{9A19103F-16F7-4668-BE54-9A1E7A4F7556}") = "dz_sc_22", "dz_sc_22\dz_sc_22.csproj", "{E2FBD737-EA1E-49A8-B3F3-4CA4FFD68944}"
EndProject
Project("{FAE04EC0-301F-11D3-BF4B-00C04F79EFBC}") = "sc_v23", "sc_v23\sc_v23.csproj", "{C7D40AED-2A88-4627-A179-FEBE46099336}"
EndProject
Global
	GlobalSection(SolutionConfigurationPlatforms) = preSolution
		Debug|Any CPU = Debug|Any CPU
		Release|Any CPU = Release|Any CPU
	EndGlobalSection
	GlobalSection(ProjectConfigurationPlatforms) = postSolution
		{9ACD6A4B-B99F-49CE-9475-E68306C0E809}.Debug|Any CPU.ActiveCfg = Debug|Any CPU
		{9ACD6A4B-B99F-49CE-9475-E68306C0E809}.Debug|Any CPU.Build.0 = Debug|Any CPU
		{9ACD6A4B-B99F-49CE-9475-E68306C0E809}.Release|Any CPU.ActiveCfg = Release|Any CPU
		{9ACD6A4B-B99F-49CE-9475-E68306C0E809}.Release|Any CPU.Build.0 = Release|Any CPU
		{3B758EEE-8F26-447F-8B7C-F6C71A091856}.Debug|Any CPU.ActiveCfg = Debug|Any CPU
		{3B758EEE-8F26-447F-8B7C-F6C71A091856}.Debug|Any CPU.Build.0 = Debug|Any CPU
		{3B758EEE-8F26-447F-8B7C-F6C71A091856}.Release|Any CPU.ActiveCfg = Release|Any CPU
		{3B758EEE-8F26-447F-8B7C-F6C71A091856}.Release|Any CPU.Build.0 = Release|Any CPU
		{B1EACAFA-2B5B-4E21-AB79-4D5BFE6936FD}.Debug|Any CPU.ActiveCfg = Debug|Any CPU
		{B1EACAFA-2B5B-4E21-AB79-4D5BFE6936FD}.Debug|Any CPU.Build.0 = Debug|Any CPU
		{B1EACAFA-2B5B-4E21-AB79-4D5BFE6936FD}.Release|Any CPU.ActiveCfg = Release|Any CPU
		{B1EACAFA-2B5B-4E21-AB79-4D5BFE6936FD}.Release|Any CPU.Build.0 = Release|Any CPU
		{DF87D15E-EBEF-4E60-AFBE-B813B8F085FE}.Debug|Any CPU.ActiveCfg = Debug|Any CPU
		{DF87D15E-EBEF-4E60-AFBE-B813B8F085FE}.Debug|Any CPU.Build.0 = Debug|Any CPU
		{DF87D15E-EBEF-4E60-AFBE-B813B8F085FE}.Release|Any CPU.ActiveCfg = Release|Any CPU
		{DF87D15E-EBEF-4E60-AFBE-B813B8F085FE}.Release|Any CPU.Build.0 = Release|Any CPU
		{76C234BC-DBF7-432B-B58C-76A0ED7D9ACE}.Debug|Any CPU.ActiveCfg = Debug|Any CPU
		{76C234BC-DBF7-432B-B58C-76A0ED7D9ACE}.Debug|Any CPU.Build.0 = Debug|Any CPU
		{76C234BC-DBF7-432B-B58C-76A0ED7D9ACE}.Release|Any CPU.ActiveCfg = Release|Any CPU
		{76C234BC-DBF7-432B-B58C-76A0ED7D9ACE}.Release|Any CPU.Build.0 = Release|Any CPU
		{E92D30B4-57B4-4B7E-A098-386B9DB544F0}.Debug|Any CPU.ActiveCfg = Debug|Any CPU
		{E92D30B4-57B4-4B7E-A098-386B9DB544F0}.Debug|Any CPU.Build.0 = Debug|Any CPU
		{E92D30B4-57B4-4B7E-A098-386B9DB544F0}.Release|Any CPU.ActiveCfg = Release|Any CPU
		{E92D30B4-57B4-4B7E-A098-386B9DB544F0}.Release|Any CPU.Build.0 = Release|Any CPU
		{E6C61F42-3E7E-44BD-B782-0B8FAC8B8D35}.Debug|Any CPU.ActiveCfg = Debug|Any CPU
		{E6C61F42-3E7E-44BD-B782-0B8FAC8B8D35}.Debug|Any CPU.Build.0 = Debug|Any CPU
		{E6C61F42-3E7E-44BD-B782-0B8FAC8B8D35}.Release|Any CPU.ActiveCfg = Release|Any CPU
		{E6C61F42-3E7E-44BD-B782-0B8FAC8B8D35}.Release|Any CPU.Build.0 = Release|Any CPU
		{A025C7FA-85A4-497E-A9E5-591D601715E4}.Debug|Any CPU.ActiveCfg = Debug|Any CPU
		{A025C7FA-85A4-497E-A9E5-591D601715E4}.Debug|Any CPU.Build.0 = Debug|Any CPU
		{A025C7FA-85A4-497E-A9E5-591D601715E4}.Release|Any CPU.ActiveCfg = Release|Any CPU
		{A025C7FA-85A4-497E-A9E5-591D601715E4}.Release|Any CPU.Build.0 = Release|Any CPU
		{850039B8-B48E-4CE1-B421-0C8164B65845}.Debug|Any CPU.ActiveCfg = Debug|Any CPU
		{850039B8-B48E-4CE1-B421-0C8164B65845}.Debug|Any CPU.Build.0 = Debug|Any CPU
		{850039B8-B48E-4CE1-B421-0C8164B65845}.Release|Any CPU.ActiveCfg = Release|Any CPU
		{850039B8-B48E-4CE1-B421-0C8164B65845}.Release|Any CPU.Build.0 = Release|Any CPU
		{494AF160-B5B1-4DC2-BA48-C32485359ACF}.Debug|Any CPU.ActiveCfg = Debug|Any CPU
		{494AF160-B5B1-4DC2-BA48-C32485359ACF}.Debug|Any CPU.Build.0 = Debug|Any CPU
		{494AF160-B5B1-4DC2-BA48-C32485359ACF}.Release|Any CPU.ActiveCfg = Release|Any CPU
		{494AF160-B5B1-4DC2-BA48-C32485359ACF}.Release|Any CPU.Build.0 = Release|Any CPU
		{2E5279DB-A0A5-4A00-B089-F3F20A3FC4EE}.Debug|Any CPU.ActiveCfg = Debug|Any CPU
		{2E5279DB-A0A5-4A00-B089-F3F20A3FC4EE}.Debug|Any CPU.Build.0 = Debug|Any CPU
		{2E5279DB-A0A5-4A00-B089-F3F20A3FC4EE}.Release|Any CPU.ActiveCfg = Release|Any CPU
		{2E5279DB-A0A5-4A00-B089-F3F20A3FC4EE}.Release|Any CPU.Build.0 = Release|Any CPU
		{6855AD4A-B9F5-4E9B-8772-E196B1267861}.Debug|Any CPU.ActiveCfg = Debug|Any CPU
		{6855AD4A-B9F5-4E9B-8772-E196B1267861}.Debug|Any CPU.Build.0 = Debug|Any CPU
		{6855AD4A-B9F5-4E9B-8772-E196B1267861}.Release|Any CPU.ActiveCfg = Release|Any CPU
		{6855AD4A-B9F5-4E9B-8772-E196B1267861}.Release|Any CPU.Build.0 = Release|Any CPU
		{E8225EA3-480A-4EEC-AD29-0E530301F034}.Debug|Any CPU.ActiveCfg = Debug|Any CPU
		{E8225EA3-480A-4EEC-AD29-0E530301F034}.Debug|Any CPU.Build.0 = Debug|Any CPU
		{E8225EA3-480A-4EEC-AD29-0E530301F034}.Release|Any CPU.ActiveCfg = Release|Any CPU
		{E8225EA3-480A-4EEC-AD29-0E530301F034}.Release|Any CPU.Build.0 = Release|Any CPU
		{704F080E-D1E5-4980-A916-422CC21AA2FB}.Debug|Any CPU.ActiveCfg = Debug|Any CPU
		{704F080E-D1E5-4980-A916-422CC21AA2FB}.Debug|Any CPU.Build.0 = Debug|Any CPU
		{704F080E-D1E5-4980-A916-422CC21AA2FB}.Release|Any CPU.ActiveCfg = Release|Any CPU
		{704F080E-D1E5-4980-A916-422CC21AA2FB}.Release|Any CPU.Build.0 = Release|Any CPU
		{DF08AB96-AB65-405D-8A1C-C7ED1AC7633B}.Debug|Any CPU.ActiveCfg = Debug|Any CPU
		{DF08AB96-AB65-405D-8A1C-C7ED1AC7633B}.Debug|Any CPU.Build.0 = Debug|Any CPU
		{DF08AB96-AB65-405D-8A1C-C7ED1AC7633B}.Release|Any CPU.ActiveCfg = Release|Any CPU
		{DF08AB96-AB65-405D-8A1C-C7ED1AC7633B}.Release|Any CPU.Build.0 = Release|Any CPU
		{B1285DA4-75DE-40D3-9F3F-FF15D9DA9FFF}.Debug|Any CPU.ActiveCfg = Debug|Any CPU
		{B1285DA4-75DE-40D3-9F3F-FF15D9DA9FFF}.Debug|Any CPU.Build.0 = Debug|Any CPU
		{B1285DA4-75DE-40D3-9F3F-FF15D9DA9FFF}.Release|Any CPU.ActiveCfg = Release|Any CPU
		{B1285DA4-75DE-40D3-9F3F-FF15D9DA9FFF}.Release|Any CPU.Build.0 = Release|Any CPU
		{AF8B56EA-830E-4907-9F3A-6B6FC9F1B2BA}.Debug|Any CPU.ActiveCfg = Debug|Any CPU
		{AF8B56EA-830E-4907-9F3A-6B6FC9F1B2BA}.Debug|Any CPU.Build.0 = Debug|Any CPU
		{AF8B56EA-830E-4907-9F3A-6B6FC9F1B2BA}.Release|Any CPU.ActiveCfg = Release|Any CPU
		{AF8B56EA-830E-4907-9F3A-6B6FC9F1B2BA}.Release|Any CPU.Build.0 = Release|Any CPU
		{CBD4FC94-3D3A-4095-9CEA-DEDC250832EC}.Debug|Any CPU.ActiveCfg = Debug|Any CPU
		{CBD4FC94-3D3A-4095-9CEA-DEDC250832EC}.Debug|Any CPU.Build.0 = Debug|Any CPU
		{CBD4FC94-3D3A-4095-9CEA-DEDC250832EC}.Release|Any CPU.ActiveCfg = Release|Any CPU
		{CBD4FC94-3D3A-4095-9CEA-DEDC250832EC}.Release|Any CPU.Build.0 = Release|Any CPU
		{A9775044-6D4F-4B03-BA35-7C43EBAED8F0}.Debug|Any CPU.ActiveCfg = Debug|Any CPU
		{A9775044-6D4F-4B03-BA35-7C43EBAED8F0}.Debug|Any CPU.Build.0 = Debug|Any CPU
		{A9775044-6D4F-4B03-BA35-7C43EBAED8F0}.Release|Any CPU.ActiveCfg = Release|Any CPU
		{A9775044-6D4F-4B03-BA35-7C43EBAED8F0}.Release|Any CPU.Build.0 = Release|Any CPU
		{E2FBD737-EA1E-49A8-B3F3-4CA4FFD68944}.Debug|Any CPU.ActiveCfg = Debug|Any CPU
		{E2FBD737-EA1E-49A8-B3F3-4CA4FFD68944}.Debug|Any CPU.Build.0 = Debug|Any CPU
		{E2FBD737-EA1E-49A8-B3F3-4CA4FFD68944}.Release|Any CPU.ActiveCfg = Release|Any CPU
		{E2FBD737-EA1E-49A8-B3F3-4CA4FFD68944}.Release|Any CPU.Build.0 = Release|Any CPU
		{C7D40AED-2A88-4627-A179-FEBE46099336}.Debug|Any CPU.ActiveCfg = Debug|Any CPU
		{C7D40AED-2A88-4627-A179-FEBE46099336}.Debug|Any CPU.Build.0 = Debug|Any CPU
		{C7D40AED-2A88-4627-A179-FEBE46099336}.Release|Any CPU.ActiveCfg = Release|Any CPU
		{C7D40AED-2A88-4627-A179-FEBE46099336}.Release|Any CPU.Build.0 = Release|Any CPU
	EndGlobalSection
	GlobalSection(SolutionProperties) = preSolution
		HideSolutionNode = FALSE
	EndGlobalSection
	GlobalSection(ExtensibilityGlobals) = postSolution
		SolutionGuid = {833B186F-5E5E-466C-8D85-41157D9D36F2}
	EndGlobalSection
EndGlobal
